
Microsoft Visual Studio Solution File, Format Version 12.00
# Visual Studio Version 16
VisualStudioVersion = 16.0.31911.196
MinimumVisualStudioVersion = 10.0.40219.1
Project("{FAE04EC0-301F-11D3-BF4B-00C04F79EFBC}") = "Hubtel.eCommerce.Cart.Api", "Hubtel.eCommerce.Cart.Api\Hubtel.eCommerce.Cart.Api.csproj", "{0E32C4DD-FB46-4694-90A5-594C359F24CE}"
EndProject
Global
	GlobalSection(SolutionConfigurationPlatforms) = preSolution
		Debug|Any CPU = Debug|Any CPU
		Release|Any CPU = Release|Any CPU
	EndGlobalSection
	GlobalSection(ProjectConfigurationPlatforms) = postSolution
		{0E32C4DD-FB46-4694-90A5-594C359F24CE}.Debug|Any CPU.ActiveCfg = Debug|Any CPU
		{0E32C4DD-FB46-4694-90A5-594C359F24CE}.Debug|Any CPU.Build.0 = Debug|Any CPU
		{0E32C4DD-FB46-4694-90A5-594C359F24CE}.Release|Any CPU.ActiveCfg = Release|Any CPU
		{0E32C4DD-FB46-4694-90A5-594C359F24CE}.Release|Any CPU.Build.0 = Release|Any CPU
	EndGlobalSection
	GlobalSection(SolutionProperties) = preSolution
		HideSolutionNode = FALSE
	EndGlobalSection
	GlobalSection(ExtensibilityGlobals) = postSolution
		SolutionGuid = {C172D021-0773-4209-BB07-175F31537B4F}
	EndGlobalSection
EndGlobal
